// !$*UTF8*$!
{
	archiveVersion = 1;
	classes = {
	};
	objectVersion = 46;
	objects = {

/* Begin PBXBuildFile section */
		45376F7A1E076C4A00EB1176 /* AppDelegate.swift in Sources */ = {isa = PBXBuildFile; fileRef = 45376F791E076C4A00EB1176 /* AppDelegate.swift */; };
		45376F7C1E076C4A00EB1176 /* SignInVC.swift in Sources */ = {isa = PBXBuildFile; fileRef = 45376F7B1E076C4A00EB1176 /* SignInVC.swift */; };
		45376F7F1E076C4A00EB1176 /* Main.storyboard in Resources */ = {isa = PBXBuildFile; fileRef = 45376F7D1E076C4A00EB1176 /* Main.storyboard */; };
		45376F811E076C4A00EB1176 /* Assets.xcassets in Resources */ = {isa = PBXBuildFile; fileRef = 45376F801E076C4A00EB1176 /* Assets.xcassets */; };
		45376F841E076C4A00EB1176 /* LaunchScreen.storyboard in Resources */ = {isa = PBXBuildFile; fileRef = 45376F821E076C4A00EB1176 /* LaunchScreen.storyboard */; };
		45376F8F1E076C4A00EB1176 /* Action_Plan_100Tests.swift in Sources */ = {isa = PBXBuildFile; fileRef = 45376F8E1E076C4A00EB1176 /* Action_Plan_100Tests.swift */; };
		45376F9A1E076C4A00EB1176 /* Action_Plan_100UITests.swift in Sources */ = {isa = PBXBuildFile; fileRef = 45376F991E076C4A00EB1176 /* Action_Plan_100UITests.swift */; };
		45376FA81E076D1700EB1176 /* GoogleService-Info.plist in Resources */ = {isa = PBXBuildFile; fileRef = 45376FA71E076D1700EB1176 /* GoogleService-Info.plist */; };
		E97F075209ACF759830E4B60 /* Pods_Action_Plan_100.framework in Frameworks */ = {isa = PBXBuildFile; fileRef = 65187B44A7C3A81107BFC45A /* Pods_Action_Plan_100.framework */; };
/* End PBXBuildFile section */

/* Begin PBXContainerItemProxy section */
		45376F8B1E076C4A00EB1176 /* PBXContainerItemProxy */ = {
			isa = PBXContainerItemProxy;
			containerPortal = 45376F6E1E076C4A00EB1176 /* Project object */;
			proxyType = 1;
			remoteGlobalIDString = 45376F751E076C4A00EB1176;
			remoteInfo = "Action Plan 100";
		};
		45376F961E076C4A00EB1176 /* PBXContainerItemProxy */ = {
			isa = PBXContainerItemProxy;
			containerPortal = 45376F6E1E076C4A00EB1176 /* Project object */;
			proxyType = 1;
			remoteGlobalIDString = 45376F751E076C4A00EB1176;
			remoteInfo = "Action Plan 100";
		};
/* End PBXContainerItemProxy section */

/* Begin PBXFileReference section */
		45376F761E076C4A00EB1176 /* Action Plan 100.app */ = {isa = PBXFileReference; explicitFileType = wrapper.application; includeInIndex = 0; path = "Action Plan 100.app"; sourceTree = BUILT_PRODUCTS_DIR; };
		45376F791E076C4A00EB1176 /* AppDelegate.swift */ = {isa = PBXFileReference; lastKnownFileType = sourcecode.swift; path = AppDelegate.swift; sourceTree = "<group>"; };
		45376F7B1E076C4A00EB1176 /* SignInVC.swift */ = {isa = PBXFileReference; lastKnownFileType = sourcecode.swift; path = SignInVC.swift; sourceTree = "<group>"; };
		45376F7E1E076C4A00EB1176 /* Base */ = {isa = PBXFileReference; lastKnownFileType = file.storyboard; name = Base; path = Base.lproj/Main.storyboard; sourceTree = "<group>"; };
		45376F801E076C4A00EB1176 /* Assets.xcassets */ = {isa = PBXFileReference; lastKnownFileType = folder.assetcatalog; path = Assets.xcassets; sourceTree = "<group>"; };
		45376F831E076C4A00EB1176 /* Base */ = {isa = PBXFileReference; lastKnownFileType = file.storyboard; name = Base; path = Base.lproj/LaunchScreen.storyboard; sourceTree = "<group>"; };
		45376F851E076C4A00EB1176 /* Info.plist */ = {isa = PBXFileReference; lastKnownFileType = text.plist.xml; path = Info.plist; sourceTree = "<group>"; };
		45376F8A1E076C4A00EB1176 /* Action Plan 100Tests.xctest */ = {isa = PBXFileReference; explicitFileType = wrapper.cfbundle; includeInIndex = 0; path = "Action Plan 100Tests.xctest"; sourceTree = BUILT_PRODUCTS_DIR; };
		45376F8E1E076C4A00EB1176 /* Action_Plan_100Tests.swift */ = {isa = PBXFileReference; lastKnownFileType = sourcecode.swift; path = Action_Plan_100Tests.swift; sourceTree = "<group>"; };
		45376F901E076C4A00EB1176 /* Info.plist */ = {isa = PBXFileReference; lastKnownFileType = text.plist.xml; path = Info.plist; sourceTree = "<group>"; };
		45376F951E076C4A00EB1176 /* Action Plan 100UITests.xctest */ = {isa = PBXFileReference; explicitFileType = wrapper.cfbundle; includeInIndex = 0; path = "Action Plan 100UITests.xctest"; sourceTree = BUILT_PRODUCTS_DIR; };
		45376F991E076C4A00EB1176 /* Action_Plan_100UITests.swift */ = {isa = PBXFileReference; lastKnownFileType = sourcecode.swift; path = Action_Plan_100UITests.swift; sourceTree = "<group>"; };
		45376F9B1E076C4A00EB1176 /* Info.plist */ = {isa = PBXFileReference; lastKnownFileType = text.plist.xml; path = Info.plist; sourceTree = "<group>"; };
		45376FA71E076D1700EB1176 /* GoogleService-Info.plist */ = {isa = PBXFileReference; fileEncoding = 4; lastKnownFileType = text.plist.xml; path = "GoogleService-Info.plist"; sourceTree = "<group>"; };
		599B5298869172678BCF3494 /* Pods-Action Plan 100.debug.xcconfig */ = {isa = PBXFileReference; includeInIndex = 1; lastKnownFileType = text.xcconfig; name = "Pods-Action Plan 100.debug.xcconfig"; path = "Pods/Target Support Files/Pods-Action Plan 100/Pods-Action Plan 100.debug.xcconfig"; sourceTree = "<group>"; };
		65187B44A7C3A81107BFC45A /* Pods_Action_Plan_100.framework */ = {isa = PBXFileReference; explicitFileType = wrapper.framework; includeInIndex = 0; path = Pods_Action_Plan_100.framework; sourceTree = BUILT_PRODUCTS_DIR; };
		7582B1634AD6EA668021B07F /* Pods-Action Plan 100.release.xcconfig */ = {isa = PBXFileReference; includeInIndex = 1; lastKnownFileType = text.xcconfig; name = "Pods-Action Plan 100.release.xcconfig"; path = "Pods/Target Support Files/Pods-Action Plan 100/Pods-Action Plan 100.release.xcconfig"; sourceTree = "<group>"; };
/* End PBXFileReference section */

/* Begin PBXFrameworksBuildPhase section */
		45376F731E076C4A00EB1176 /* Frameworks */ = {
			isa = PBXFrameworksBuildPhase;
			buildActionMask = 2147483647;
			files = (
				E97F075209ACF759830E4B60 /* Pods_Action_Plan_100.framework in Frameworks */,
			);
			runOnlyForDeploymentPostprocessing = 0;
		};
		45376F871E076C4A00EB1176 /* Frameworks */ = {
			isa = PBXFrameworksBuildPhase;
			buildActionMask = 2147483647;
			files = (
			);
			runOnlyForDeploymentPostprocessing = 0;
		};
		45376F921E076C4A00EB1176 /* Frameworks */ = {
			isa = PBXFrameworksBuildPhase;
			buildActionMask = 2147483647;
			files = (
			);
			runOnlyForDeploymentPostprocessing = 0;
		};
/* End PBXFrameworksBuildPhase section */

/* Begin PBXGroup section */
		4530DFE31E07786000C96099 /* View */ = {
			isa = PBXGroup;
			children = (
			);
			name = View;
			sourceTree = "<group>";
		};
		4530DFE41E07786900C96099 /* Model */ = {
			isa = PBXGroup;
			children = (
			);
			name = Model;
			sourceTree = "<group>";
		};
		4530DFE51E07787100C96099 /* Controller */ = {
			isa = PBXGroup;
			children = (
				45376F7B1E076C4A00EB1176 /* SignInVC.swift */,
			);
			name = Controller;
			sourceTree = "<group>";
		};
		45376F6D1E076C4A00EB1176 = {
			isa = PBXGroup;
			children = (
				45376F781E076C4A00EB1176 /* Action Plan 100 */,
				45376F8D1E076C4A00EB1176 /* Action Plan 100Tests */,
				45376F981E076C4A00EB1176 /* Action Plan 100UITests */,
				45376F771E076C4A00EB1176 /* Products */,
				9DBB3D0D96D84E0C9FE0896E /* Pods */,
				C55FF2936FF3E4E8FACA1766 /* Frameworks */,
			);
			sourceTree = "<group>";
		};
		45376F771E076C4A00EB1176 /* Products */ = {
			isa = PBXGroup;
			children = (
				45376F761E076C4A00EB1176 /* Action Plan 100.app */,
				45376F8A1E076C4A00EB1176 /* Action Plan 100Tests.xctest */,
				45376F951E076C4A00EB1176 /* Action Plan 100UITests.xctest */,
			);
			name = Products;
			sourceTree = "<group>";
		};
		45376F781E076C4A00EB1176 /* Action Plan 100 */ = {
			isa = PBXGroup;
			children = (
				4530DFE51E07787100C96099 /* Controller */,
				4530DFE41E07786900C96099 /* Model */,
				4530DFE31E07786000C96099 /* View */,
				45376F791E076C4A00EB1176 /* AppDelegate.swift */,
				45376F7D1E076C4A00EB1176 /* Main.storyboard */,
				45376F801E076C4A00EB1176 /* Assets.xcassets */,
				45376F821E076C4A00EB1176 /* LaunchScreen.storyboard */,
				45376F851E076C4A00EB1176 /* Info.plist */,
				45376FA71E076D1700EB1176 /* GoogleService-Info.plist */,
			);
			path = "Action Plan 100";
			sourceTree = "<group>";
		};
		45376F8D1E076C4A00EB1176 /* Action Plan 100Tests */ = {
			isa = PBXGroup;
			children = (
				45376F8E1E076C4A00EB1176 /* Action_Plan_100Tests.swift */,
				45376F901E076C4A00EB1176 /* Info.plist */,
			);
			path = "Action Plan 100Tests";
			sourceTree = "<group>";
		};
		45376F981E076C4A00EB1176 /* Action Plan 100UITests */ = {
			isa = PBXGroup;
			children = (
				45376F991E076C4A00EB1176 /* Action_Plan_100UITests.swift */,
				45376F9B1E076C4A00EB1176 /* Info.plist */,
			);
			path = "Action Plan 100UITests";
			sourceTree = "<group>";
		};
		9DBB3D0D96D84E0C9FE0896E /* Pods */ = {
			isa = PBXGroup;
			children = (
				599B5298869172678BCF3494 /* Pods-Action Plan 100.debug.xcconfig */,
				7582B1634AD6EA668021B07F /* Pods-Action Plan 100.release.xcconfig */,
			);
			name = Pods;
			sourceTree = "<group>";
		};
		C55FF2936FF3E4E8FACA1766 /* Frameworks */ = {
			isa = PBXGroup;
			children = (
				65187B44A7C3A81107BFC45A /* Pods_Action_Plan_100.framework */,
			);
			name = Frameworks;
			sourceTree = "<group>";
		};
/* End PBXGroup section */

/* Begin PBXNativeTarget section */
		45376F751E076C4A00EB1176 /* Action Plan 100 */ = {
			isa = PBXNativeTarget;
			buildConfigurationList = 45376F9E1E076C4A00EB1176 /* Build configuration list for PBXNativeTarget "Action Plan 100" */;
			buildPhases = (
				443E6970CBA14222ACEF300E /* [CP] Check Pods Manifest.lock */,
				45376F721E076C4A00EB1176 /* Sources */,
				45376F731E076C4A00EB1176 /* Frameworks */,
				45376F741E076C4A00EB1176 /* Resources */,
				480941BA888C4BBDB07EFF77 /* [CP] Embed Pods Frameworks */,
				8B49C72451BD6778776158C7 /* [CP] Copy Pods Resources */,
			);
			buildRules = (
			);
			dependencies = (
			);
			name = "Action Plan 100";
			productName = "Action Plan 100";
			productReference = 45376F761E076C4A00EB1176 /* Action Plan 100.app */;
			productType = "com.apple.product-type.application";
		};
		45376F891E076C4A00EB1176 /* Action Plan 100Tests */ = {
			isa = PBXNativeTarget;
			buildConfigurationList = 45376FA11E076C4A00EB1176 /* Build configuration list for PBXNativeTarget "Action Plan 100Tests" */;
			buildPhases = (
				45376F861E076C4A00EB1176 /* Sources */,
				45376F871E076C4A00EB1176 /* Frameworks */,
				45376F881E076C4A00EB1176 /* Resources */,
			);
			buildRules = (
			);
			dependencies = (
				45376F8C1E076C4A00EB1176 /* PBXTargetDependency */,
			);
			name = "Action Plan 100Tests";
			productName = "Action Plan 100Tests";
			productReference = 45376F8A1E076C4A00EB1176 /* Action Plan 100Tests.xctest */;
			productType = "com.apple.product-type.bundle.unit-test";
		};
		45376F941E076C4A00EB1176 /* Action Plan 100UITests */ = {
			isa = PBXNativeTarget;
			buildConfigurationList = 45376FA41E076C4A00EB1176 /* Build configuration list for PBXNativeTarget "Action Plan 100UITests" */;
			buildPhases = (
				45376F911E076C4A00EB1176 /* Sources */,
				45376F921E076C4A00EB1176 /* Frameworks */,
				45376F931E076C4A00EB1176 /* Resources */,
			);
			buildRules = (
			);
			dependencies = (
				45376F971E076C4A00EB1176 /* PBXTargetDependency */,
			);
			name = "Action Plan 100UITests";
			productName = "Action Plan 100UITests";
			productReference = 45376F951E076C4A00EB1176 /* Action Plan 100UITests.xctest */;
			productType = "com.apple.product-type.bundle.ui-testing";
		};
/* End PBXNativeTarget section */

/* Begin PBXProject section */
		45376F6E1E076C4A00EB1176 /* Project object */ = {
			isa = PBXProject;
			attributes = {
				LastSwiftUpdateCheck = 0820;
				LastUpgradeCheck = 0820;
				ORGANIZATIONNAME = MistyInteractiveStudios;
				TargetAttributes = {
					45376F751E076C4A00EB1176 = {
						CreatedOnToolsVersion = 8.2;
						DevelopmentTeam = 3UGU347H84;
						ProvisioningStyle = Automatic;
					};
					45376F891E076C4A00EB1176 = {
						CreatedOnToolsVersion = 8.2;
						DevelopmentTeam = 3UGU347H84;
						ProvisioningStyle = Automatic;
						TestTargetID = 45376F751E076C4A00EB1176;
					};
					45376F941E076C4A00EB1176 = {
						CreatedOnToolsVersion = 8.2;
						DevelopmentTeam = 3UGU347H84;
						ProvisioningStyle = Automatic;
						TestTargetID = 45376F751E076C4A00EB1176;
					};
				};
			};
			buildConfigurationList = 45376F711E076C4A00EB1176 /* Build configuration list for PBXProject "Action Plan 100" */;
			compatibilityVersion = "Xcode 3.2";
			developmentRegion = English;
			hasScannedForEncodings = 0;
			knownRegions = (
				en,
				Base,
			);
			mainGroup = 45376F6D1E076C4A00EB1176;
			productRefGroup = 45376F771E076C4A00EB1176 /* Products */;
			projectDirPath = "";
			projectRoot = "";
			targets = (
				45376F751E076C4A00EB1176 /* Action Plan 100 */,
				45376F891E076C4A00EB1176 /* Action Plan 100Tests */,
				45376F941E076C4A00EB1176 /* Action Plan 100UITests */,
			);
		};
/* End PBXProject section */

/* Begin PBXResourcesBuildPhase section */
		45376F741E076C4A00EB1176 /* Resources */ = {
			isa = PBXResourcesBuildPhase;
			buildActionMask = 2147483647;
			files = (
				45376F841E076C4A00EB1176 /* LaunchScreen.storyboard in Resources */,
				45376FA81E076D1700EB1176 /* GoogleService-Info.plist in Resources */,
				45376F811E076C4A00EB1176 /* Assets.xcassets in Resources */,
				45376F7F1E076C4A00EB1176 /* Main.storyboard in Resources */,
			);
			runOnlyForDeploymentPostprocessing = 0;
		};
		45376F881E076C4A00EB1176 /* Resources */ = {
			isa = PBXResourcesBuildPhase;
			buildActionMask = 2147483647;
			files = (
			);
			runOnlyForDeploymentPostprocessing = 0;
		};
		45376F931E076C4A00EB1176 /* Resources */ = {
			isa = PBXResourcesBuildPhase;
			buildActionMask = 2147483647;
			files = (
			);
			runOnlyForDeploymentPostprocessing = 0;
		};
/* End PBXResourcesBuildPhase section */

/* Begin PBXShellScriptBuildPhase section */
		443E6970CBA14222ACEF300E /* [CP] Check Pods Manifest.lock */ = {
			isa = PBXShellScriptBuildPhase;
			buildActionMask = 2147483647;
			files = (
			);
			inputPaths = (
			);
			name = "[CP] Check Pods Manifest.lock";
			outputPaths = (
			);
			runOnlyForDeploymentPostprocessing = 0;
			shellPath = /bin/sh;
			shellScript = "diff \"${PODS_ROOT}/../Podfile.lock\" \"${PODS_ROOT}/Manifest.lock\" > /dev/null\nif [ $? != 0 ] ; then\n    # print error to STDERR\n    echo \"error: The sandbox is not in sync with the Podfile.lock. Run 'pod install' or update your CocoaPods installation.\" >&2\n    exit 1\nfi\n";
			showEnvVarsInLog = 0;
		};
		480941BA888C4BBDB07EFF77 /* [CP] Embed Pods Frameworks */ = {
			isa = PBXShellScriptBuildPhase;
			buildActionMask = 2147483647;
			files = (
			);
			inputPaths = (
			);
			name = "[CP] Embed Pods Frameworks";
			outputPaths = (
			);
			runOnlyForDeploymentPostprocessing = 0;
			shellPath = /bin/sh;
			shellScript = "\"${SRCROOT}/Pods/Target Support Files/Pods-Action Plan 100/Pods-Action Plan 100-frameworks.sh\"\n";
			showEnvVarsInLog = 0;
		};
		8B49C72451BD6778776158C7 /* [CP] Copy Pods Resources */ = {
			isa = PBXShellScriptBuildPhase;
			buildActionMask = 2147483647;
			files = (
			);
			inputPaths = (
			);
			name = "[CP] Copy Pods Resources";
			outputPaths = (
			);
			runOnlyForDeploymentPostprocessing = 0;
			shellPath = /bin/sh;
			shellScript = "\"${SRCROOT}/Pods/Target Support Files/Pods-Action Plan 100/Pods-Action Plan 100-resources.sh\"\n";
			showEnvVarsInLog = 0;
		};
/* End PBXShellScriptBuildPhase section */

/* Begin PBXSourcesBuildPhase section */
		45376F721E076C4A00EB1176 /* Sources */ = {
			isa = PBXSourcesBuildPhase;
			buildActionMask = 2147483647;
			files = (
				45376F7C1E076C4A00EB1176 /* SignInVC.swift in Sources */,
				45376F7A1E076C4A00EB1176 /* AppDelegate.swift in Sources */,
			);
			runOnlyForDeploymentPostprocessing = 0;
		};
		45376F861E076C4A00EB1176 /* Sources */ = {
			isa = PBXSourcesBuildPhase;
			buildActionMask = 2147483647;
			files = (
				45376F8F1E076C4A00EB1176 /* Action_Plan_100Tests.swift in Sources */,
			);
			runOnlyForDeploymentPostprocessing = 0;
		};
		45376F911E076C4A00EB1176 /* Sources */ = {
			isa = PBXSourcesBuildPhase;
			buildActionMask = 2147483647;
			files = (
				45376F9A1E076C4A00EB1176 /* Action_Plan_100UITests.swift in Sources */,
			);
			runOnlyForDeploymentPostprocessing = 0;
		};
/* End PBXSourcesBuildPhase section */

/* Begin PBXTargetDependency section */
		45376F8C1E076C4A00EB1176 /* PBXTargetDependency */ = {
			isa = PBXTargetDependency;
			target = 45376F751E076C4A00EB1176 /* Action Plan 100 */;
			targetProxy = 45376F8B1E076C4A00EB1176 /* PBXContainerItemProxy */;
		};
		45376F971E076C4A00EB1176 /* PBXTargetDependency */ = {
			isa = PBXTargetDependency;
			target = 45376F751E076C4A00EB1176 /* Action Plan 100 */;
			targetProxy = 45376F961E076C4A00EB1176 /* PBXContainerItemProxy */;
		};
/* End PBXTargetDependency section */

/* Begin PBXVariantGroup section */
		45376F7D1E076C4A00EB1176 /* Main.storyboard */ = {
			isa = PBXVariantGroup;
			children = (
				45376F7E1E076C4A00EB1176 /* Base */,
			);
			name = Main.storyboard;
			sourceTree = "<group>";
		};
		45376F821E076C4A00EB1176 /* LaunchScreen.storyboard */ = {
			isa = PBXVariantGroup;
			children = (
				45376F831E076C4A00EB1176 /* Base */,
			);
			name = LaunchScreen.storyboard;
			sourceTree = "<group>";
		};
/* End PBXVariantGroup section */

/* Begin XCBuildConfiguration section */
		45376F9C1E076C4A00EB1176 /* Debug */ = {
			isa = XCBuildConfiguration;
			buildSettings = {
				ALWAYS_SEARCH_USER_PATHS = NO;
				CLANG_ANALYZER_NONNULL = YES;
				CLANG_CXX_LANGUAGE_STANDARD = "gnu++0x";
				CLANG_CXX_LIBRARY = "libc++";
				CLANG_ENABLE_MODULES = YES;
				CLANG_ENABLE_OBJC_ARC = YES;
				CLANG_WARN_BOOL_CONVERSION = YES;
				CLANG_WARN_CONSTANT_CONVERSION = YES;
				CLANG_WARN_DIRECT_OBJC_ISA_USAGE = YES_ERROR;
				CLANG_WARN_DOCUMENTATION_COMMENTS = YES;
				CLANG_WARN_EMPTY_BODY = YES;
				CLANG_WARN_ENUM_CONVERSION = YES;
				CLANG_WARN_INFINITE_RECURSION = YES;
				CLANG_WARN_INT_CONVERSION = YES;
				CLANG_WARN_OBJC_ROOT_CLASS = YES_ERROR;
				CLANG_WARN_SUSPICIOUS_MOVE = YES;
				CLANG_WARN_UNREACHABLE_CODE = YES;
				CLANG_WARN__DUPLICATE_METHOD_MATCH = YES;
				"CODE_SIGN_IDENTITY[sdk=iphoneos*]" = "iPhone Developer";
				COPY_PHASE_STRIP = NO;
				DEBUG_INFORMATION_FORMAT = dwarf;
				ENABLE_STRICT_OBJC_MSGSEND = YES;
				ENABLE_TESTABILITY = YES;
				GCC_C_LANGUAGE_STANDARD = gnu99;
				GCC_DYNAMIC_NO_PIC = NO;
				GCC_NO_COMMON_BLOCKS = YES;
				GCC_OPTIMIZATION_LEVEL = 0;
				GCC_PREPROCESSOR_DEFINITIONS = (
					"DEBUG=1",
					"$(inherited)",
				);
				GCC_WARN_64_TO_32_BIT_CONVERSION = YES;
				GCC_WARN_ABOUT_RETURN_TYPE = YES_ERROR;
				GCC_WARN_UNDECLARED_SELECTOR = YES;
				GCC_WARN_UNINITIALIZED_AUTOS = YES_AGGRESSIVE;
				GCC_WARN_UNUSED_FUNCTION = YES;
				GCC_WARN_UNUSED_VARIABLE = YES;
				IPHONEOS_DEPLOYMENT_TARGET = 10.2;
				MTL_ENABLE_DEBUG_INFO = YES;
				ONLY_ACTIVE_ARCH = YES;
				SDKROOT = iphoneos;
				SWIFT_ACTIVE_COMPILATION_CONDITIONS = DEBUG;
				SWIFT_OPTIMIZATION_LEVEL = "-Onone";
				TARGETED_DEVICE_FAMILY = "1,2";
			};
			name = Debug;
		};
		45376F9D1E076C4A00EB1176 /* Release */ = {
			isa = XCBuildConfiguration;
			buildSettings = {
				ALWAYS_SEARCH_USER_PATHS = NO;
				CLANG_ANALYZER_NONNULL = YES;
				CLANG_CXX_LANGUAGE_STANDARD = "gnu++0x";
				CLANG_CXX_LIBRARY = "libc++";
				CLANG_ENABLE_MODULES = YES;
				CLANG_ENABLE_OBJC_ARC = YES;
				CLANG_WARN_BOOL_CONVERSION = YES;
				CLANG_WARN_CONSTANT_CONVERSION = YES;
				CLANG_WARN_DIRECT_OBJC_ISA_USAGE = YES_ERROR;
				CLANG_WARN_DOCUMENTATION_COMMENTS = YES;
				CLANG_WARN_EMPTY_BODY = YES;
				CLANG_WARN_ENUM_CONVERSION = YES;
				CLANG_WARN_INFINITE_RECURSION = YES;
				CLANG_WARN_INT_CONVERSION = YES;
				CLANG_WARN_OBJC_ROOT_CLASS = YES_ERROR;
				CLANG_WARN_SUSPICIOUS_MOVE = YES;
				CLANG_WARN_UNREACHABLE_CODE = YES;
				CLANG_WARN__DUPLICATE_METHOD_MATCH = YES;
				"CODE_SIGN_IDENTITY[sdk=iphoneos*]" = "iPhone Developer";
				COPY_PHASE_STRIP = NO;
				DEBUG_INFORMATION_FORMAT = "dwarf-with-dsym";
				ENABLE_NS_ASSERTIONS = NO;
				ENABLE_STRICT_OBJC_MSGSEND = YES;
				GCC_C_LANGUAGE_STANDARD = gnu99;
				GCC_NO_COMMON_BLOCKS = YES;
				GCC_WARN_64_TO_32_BIT_CONVERSION = YES;
				GCC_WARN_ABOUT_RETURN_TYPE = YES_ERROR;
				GCC_WARN_UNDECLARED_SELECTOR = YES;
				GCC_WARN_UNINITIALIZED_AUTOS = YES_AGGRESSIVE;
				GCC_WARN_UNUSED_FUNCTION = YES;
				GCC_WARN_UNUSED_VARIABLE = YES;
				IPHONEOS_DEPLOYMENT_TARGET = 10.2;
				MTL_ENABLE_DEBUG_INFO = NO;
				SDKROOT = iphoneos;
				SWIFT_OPTIMIZATION_LEVEL = "-Owholemodule";
				TARGETED_DEVICE_FAMILY = "1,2";
				VALIDATE_PRODUCT = YES;
			};
			name = Release;
		};
		45376F9F1E076C4A00EB1176 /* Debug */ = {
			isa = XCBuildConfiguration;
			baseConfigurationReference = 599B5298869172678BCF3494 /* Pods-Action Plan 100.debug.xcconfig */;
			buildSettings = {
				ASSETCATALOG_COMPILER_APPICON_NAME = AppIcon;
				DEVELOPMENT_TEAM = 3UGU347H84;
				INFOPLIST_FILE = "Action Plan 100/Info.plist";
				LD_RUNPATH_SEARCH_PATHS = "$(inherited) @executable_path/Frameworks";
				PRODUCT_BUNDLE_IDENTIFIER = "com.mis.solutions.Action-Plan-100";
				PRODUCT_NAME = "$(TARGET_NAME)";
				SWIFT_VERSION = 3.0;
			};
			name = Debug;
		};
		45376FA01E076C4A00EB1176 /* Release */ = {
			isa = XCBuildConfiguration;
			baseConfigurationReference = 7582B1634AD6EA668021B07F /* Pods-Action Plan 100.release.xcconfig */;
			buildSettings = {
				ASSETCATALOG_COMPILER_APPICON_NAME = AppIcon;
				DEVELOPMENT_TEAM = 3UGU347H84;
				INFOPLIST_FILE = "Action Plan 100/Info.plist";
				LD_RUNPATH_SEARCH_PATHS = "$(inherited) @executable_path/Frameworks";
				PRODUCT_BUNDLE_IDENTIFIER = "com.mis.solutions.Action-Plan-100";
				PRODUCT_NAME = "$(TARGET_NAME)";
				SWIFT_VERSION = 3.0;
			};
			name = Release;
		};
		45376FA21E076C4A00EB1176 /* Debug */ = {
			isa = XCBuildConfiguration;
			buildSettings = {
				ALWAYS_EMBED_SWIFT_STANDARD_LIBRARIES = YES;
				BUNDLE_LOADER = "$(TEST_HOST)";
				DEVELOPMENT_TEAM = 3UGU347H84;
				INFOPLIST_FILE = "Action Plan 100Tests/Info.plist";
				LD_RUNPATH_SEARCH_PATHS = "$(inherited) @executable_path/Frameworks @loader_path/Frameworks";
				PRODUCT_BUNDLE_IDENTIFIER = "com.mis.solutions.Action-Plan-100Tests";
				PRODUCT_NAME = "$(TARGET_NAME)";
				SWIFT_VERSION = 3.0;
				TEST_HOST = "$(BUILT_PRODUCTS_DIR)/Action Plan 100.app/Action Plan 100";
			};
			name = Debug;
		};
		45376FA31E076C4A00EB1176 /* Release */ = {
			isa = XCBuildConfiguration;
			buildSettings = {
				ALWAYS_EMBED_SWIFT_STANDARD_LIBRARIES = YES;
				BUNDLE_LOADER = "$(TEST_HOST)";
				DEVELOPMENT_TEAM = 3UGU347H84;
				INFOPLIST_FILE = "Action Plan 100Tests/Info.plist";
				LD_RUNPATH_SEARCH_PATHS = "$(inherited) @executable_path/Frameworks @loader_path/Frameworks";
				PRODUCT_BUNDLE_IDENTIFIER = "com.mis.solutions.Action-Plan-100Tests";
				PRODUCT_NAME = "$(TARGET_NAME)";
				SWIFT_VERSION = 3.0;
				TEST_HOST = "$(BUILT_PRODUCTS_DIR)/Action Plan 100.app/Action Plan 100";
			};
			name = Release;
		};
		45376FA51E076C4A00EB1176 /* Debug */ = {
			isa = XCBuildConfiguration;
			buildSettings = {
				ALWAYS_EMBED_SWIFT_STANDARD_LIBRARIES = YES;
				DEVELOPMENT_TEAM = 3UGU347H84;
				INFOPLIST_FILE = "Action Plan 100UITests/Info.plist";
				LD_RUNPATH_SEARCH_PATHS = "$(inherited) @executable_path/Frameworks @loader_path/Frameworks";
				PRODUCT_BUNDLE_IDENTIFIER = "com.mis.solutions.Action-Plan-100UITests";
				PRODUCT_NAME = "$(TARGET_NAME)";
				SWIFT_VERSION = 3.0;
				TEST_TARGET_NAME = "Action Plan 100";
			};
			name = Debug;
		};
		45376FA61E076C4A00EB1176 /* Release */ = {
			isa = XCBuildConfiguration;
			buildSettings = {
				ALWAYS_EMBED_SWIFT_STANDARD_LIBRARIES = YES;
				DEVELOPMENT_TEAM = 3UGU347H84;
				INFOPLIST_FILE = "Action Plan 100UITests/Info.plist";
				LD_RUNPATH_SEARCH_PATHS = "$(inherited) @executable_path/Frameworks @loader_path/Frameworks";
				PRODUCT_BUNDLE_IDENTIFIER = "com.mis.solutions.Action-Plan-100UITests";
				PRODUCT_NAME = "$(TARGET_NAME)";
				SWIFT_VERSION = 3.0;
				TEST_TARGET_NAME = "Action Plan 100";
			};
			name = Release;
		};
/* End XCBuildConfiguration section */

/* Begin XCConfigurationList section */
		45376F711E076C4A00EB1176 /* Build configuration list for PBXProject "Action Plan 100" */ = {
			isa = XCConfigurationList;
			buildConfigurations = (
				45376F9C1E076C4A00EB1176 /* Debug */,
				45376F9D1E076C4A00EB1176 /* Release */,
			);
			defaultConfigurationIsVisible = 0;
			defaultConfigurationName = Release;
		};
		45376F9E1E076C4A00EB1176 /* Build configuration list for PBXNativeTarget "Action Plan 100" */ = {
			isa = XCConfigurationList;
			buildConfigurations = (
				45376F9F1E076C4A00EB1176 /* Debug */,
				45376FA01E076C4A00EB1176 /* Release */,
			);
			defaultConfigurationIsVisible = 0;
			defaultConfigurationName = Release;
		};
		45376FA11E076C4A00EB1176 /* Build configuration list for PBXNativeTarget "Action Plan 100Tests" */ = {
			isa = XCConfigurationList;
			buildConfigurations = (
				45376FA21E076C4A00EB1176 /* Debug */,
				45376FA31E076C4A00EB1176 /* Release */,
			);
			defaultConfigurationIsVisible = 0;
			defaultConfigurationName = Release;
		};
		45376FA41E076C4A00EB1176 /* Build configuration list for PBXNativeTarget "Action Plan 100UITests" */ = {
			isa = XCConfigurationList;
			buildConfigurations = (
				45376FA51E076C4A00EB1176 /* Debug */,
				45376FA61E076C4A00EB1176 /* Release */,
			);
			defaultConfigurationIsVisible = 0;
			defaultConfigurationName = Release;
		};
/* End XCConfigurationList section */
	};
	rootObject = 45376F6E1E076C4A00EB1176 /* Project object */;
}
